
Microsoft Visual Studio Solution File, Format Version 12.00
# Visual Studio Version 16
VisualStudioVersion = 16.0.32901.82
MinimumVisualStudioVersion = 10.0.40219.1
Project("{FAE04EC0-301F-11D3-BF4B-00C04F79EFBC}") = "SesiraInstitute", "SesiraInstitute\SesiraInstitute.csproj", "{6213476F-4D30-496D-A867-23C9B31D49D6}"
EndProject
Global
	GlobalSection(SolutionConfigurationPlatforms) = preSolution
		Debug|Any CPU = Debug|Any CPU
		Release|Any CPU = Release|Any CPU
	EndGlobalSection
	GlobalSection(ProjectConfigurationPlatforms) = postSolution
		{6213476F-4D30-496D-A867-23C9B31D49D6}.Debug|Any CPU.ActiveCfg = Debug|Any CPU
		{6213476F-4D30-496D-A867-23C9B31D49D6}.Debug|Any CPU.Build.0 = Debug|Any CPU
		{6213476F-4D30-496D-A867-23C9B31D49D6}.Release|Any CPU.ActiveCfg = Release|Any CPU
		{6213476F-4D30-496D-A867-23C9B31D49D6}.Release|Any CPU.Build.0 = Release|Any CPU
	EndGlobalSection
	GlobalSection(SolutionProperties) = preSolution
		HideSolutionNode = FALSE
	EndGlobalSection
	GlobalSection(ExtensibilityGlobals) = postSolution
		SolutionGuid = {D29D0A5B-DD99-4982-8D98-CB0E92820F4A}
	EndGlobalSection
EndGlobal
